
Microsoft Visual Studio Solution File, Format Version 12.00
# Visual Studio 15
VisualStudioVersion = 15.0.26430.6
MinimumVisualStudioVersion = 10.0.40219.1
Project("{FAE04EC0-301F-11D3-BF4B-00C04F79EFBC}") = "WindowsFormsApp1", "WindowsFormsApp1.csproj", "{FBF595DA-C82F-471B-BEFB-82D07173D7C5}"
EndProject
Project("{FAE04EC0-301F-11D3-BF4B-00C04F79EFBC}") = "LineViewerLibrary", "..\LineViewerLibrary\LineViewerLibrary.csproj", "{50146936-F048-4224-A2D4-DB2A816201AE}"
EndProject
Global
	GlobalSection(SolutionConfigurationPlatforms) = preSolution
		Debug|Any CPU = Debug|Any CPU
		Release|Any CPU = Release|Any CPU
	EndGlobalSection
	GlobalSection(ProjectConfigurationPlatforms) = postSolution
		{FBF595DA-C82F-471B-BEFB-82D07173D7C5}.Debug|Any CPU.ActiveCfg = Debug|Any CPU
		{FBF595DA-C82F-471B-BEFB-82D07173D7C5}.Debug|Any CPU.Build.0 = Debug|Any CPU
		{FBF595DA-C82F-471B-BEFB-82D07173D7C5}.Release|Any CPU.ActiveCfg = Release|Any CPU
		{FBF595DA-C82F-471B-BEFB-82D07173D7C5}.Release|Any CPU.Build.0 = Release|Any CPU
		{50146936-F048-4224-A2D4-DB2A816201AE}.Debug|Any CPU.ActiveCfg = Debug|Any CPU
		{50146936-F048-4224-A2D4-DB2A816201AE}.Debug|Any CPU.Build.0 = Debug|Any CPU
		{50146936-F048-4224-A2D4-DB2A816201AE}.Release|Any CPU.ActiveCfg = Release|Any CPU
		{50146936-F048-4224-A2D4-DB2A816201AE}.Release|Any CPU.Build.0 = Release|Any CPU
	EndGlobalSection
	GlobalSection(SolutionProperties) = preSolution
		HideSolutionNode = FALSE
	EndGlobalSection
EndGlobal
